
Microsoft Visual Studio Solution File, Format Version 12.00
# Visual Studio Version 16
VisualStudioVersion = 16.0.29519.87
MinimumVisualStudioVersion = 10.0.40219.1
Project("{FAE04EC0-301F-11D3-BF4B-00C04F79EFBC}") = "SignalRCore3", "SignalRCore3.csproj", "{0DA640F1-B1F2-4ED1-B6F7-81B78B162F23}"
EndProject
Project("{2150E333-8FDC-42A3-9474-1A3956D46DE8}") = "Hub", "Hub", "{5E99635F-2DBD-45B0-BFA1-835B2A1D2531}"
	ProjectSection(SolutionItems) = preProject
		ChatHub.cs = ChatHub.cs
	EndProjectSection
EndProject
Global
	GlobalSection(SolutionConfigurationPlatforms) = preSolution
		Debug|Any CPU = Debug|Any CPU
		Release|Any CPU = Release|Any CPU
	EndGlobalSection
	GlobalSection(ProjectConfigurationPlatforms) = postSolution
		{0DA640F1-B1F2-4ED1-B6F7-81B78B162F23}.Debug|Any CPU.ActiveCfg = Debug|Any CPU
		{0DA640F1-B1F2-4ED1-B6F7-81B78B162F23}.Debug|Any CPU.Build.0 = Debug|Any CPU
		{0DA640F1-B1F2-4ED1-B6F7-81B78B162F23}.Release|Any CPU.ActiveCfg = Release|Any CPU
		{0DA640F1-B1F2-4ED1-B6F7-81B78B162F23}.Release|Any CPU.Build.0 = Release|Any CPU
	EndGlobalSection
	GlobalSection(SolutionProperties) = preSolution
		HideSolutionNode = FALSE
	EndGlobalSection
	GlobalSection(ExtensibilityGlobals) = postSolution
		SolutionGuid = {F344EC1C-954B-4F3A-9D31-FC01F4132F63}
	EndGlobalSection
EndGlobal
